
Microsoft Visual Studio Solution File, Format Version 12.00
# Visual Studio Version 16
VisualStudioVersion = 16.0.31205.134
MinimumVisualStudioVersion = 10.0.40219.1
Project("{9A19103F-16F7-4668-BE54-9A1E7A4F7556}") = "Demo.Api", "Demo.Api\Demo.Api.csproj", "{4070B91C-0848-4CBC-8DCB-F259C81E8183}"
EndProject
Project("{9A19103F-16F7-4668-BE54-9A1E7A4F7556}") = "Demo.Web", "Demo.Web\Demo.Web.csproj", "{F9158DD6-ED91-461D-A9D4-76711DD9172C}"
EndProject
Project("{9A19103F-16F7-4668-BE54-9A1E7A4F7556}") = "Demo.DAL", "Demo.DAL\Demo.DAL.csproj", "{2336F135-F8B1-4D42-8431-6C5C492CE5DF}"
EndProject
Project("{9A19103F-16F7-4668-BE54-9A1E7A4F7556}") = "Demo.Service", "Demo.Service\Demo.Service.csproj", "{5DD49931-B14E-48FA-9701-987427B8EC5D}"
EndProject
Project("{9A19103F-16F7-4668-BE54-9A1E7A4F7556}") = "Demo.Common", "Demo.Common\Demo.Common.csproj", "{6B722F22-FD37-4769-A5D3-FB00A731C87B}"
EndProject
Global
	GlobalSection(SolutionConfigurationPlatforms) = preSolution
		Debug|Any CPU = Debug|Any CPU
		Release|Any CPU = Release|Any CPU
	EndGlobalSection
	GlobalSection(ProjectConfigurationPlatforms) = postSolution
		{4070B91C-0848-4CBC-8DCB-F259C81E8183}.Debug|Any CPU.ActiveCfg = Debug|Any CPU
		{4070B91C-0848-4CBC-8DCB-F259C81E8183}.Debug|Any CPU.Build.0 = Debug|Any CPU
		{4070B91C-0848-4CBC-8DCB-F259C81E8183}.Release|Any CPU.ActiveCfg = Release|Any CPU
		{4070B91C-0848-4CBC-8DCB-F259C81E8183}.Release|Any CPU.Build.0 = Release|Any CPU
		{F9158DD6-ED91-461D-A9D4-76711DD9172C}.Debug|Any CPU.ActiveCfg = Debug|Any CPU
		{F9158DD6-ED91-461D-A9D4-76711DD9172C}.Debug|Any CPU.Build.0 = Debug|Any CPU
		{F9158DD6-ED91-461D-A9D4-76711DD9172C}.Release|Any CPU.ActiveCfg = Release|Any CPU
		{F9158DD6-ED91-461D-A9D4-76711DD9172C}.Release|Any CPU.Build.0 = Release|Any CPU
		{2336F135-F8B1-4D42-8431-6C5C492CE5DF}.Debug|Any CPU.ActiveCfg = Debug|Any CPU
		{2336F135-F8B1-4D42-8431-6C5C492CE5DF}.Debug|Any CPU.Build.0 = Debug|Any CPU
		{2336F135-F8B1-4D42-8431-6C5C492CE5DF}.Release|Any CPU.ActiveCfg = Release|Any CPU
		{2336F135-F8B1-4D42-8431-6C5C492CE5DF}.Release|Any CPU.Build.0 = Release|Any CPU
		{5DD49931-B14E-48FA-9701-987427B8EC5D}.Debug|Any CPU.ActiveCfg = Debug|Any CPU
		{5DD49931-B14E-48FA-9701-987427B8EC5D}.Debug|Any CPU.Build.0 = Debug|Any CPU
		{5DD49931-B14E-48FA-9701-987427B8EC5D}.Release|Any CPU.ActiveCfg = Release|Any CPU
		{5DD49931-B14E-48FA-9701-987427B8EC5D}.Release|Any CPU.Build.0 = Release|Any CPU
		{6B722F22-FD37-4769-A5D3-FB00A731C87B}.Debug|Any CPU.ActiveCfg = Debug|Any CPU
		{6B722F22-FD37-4769-A5D3-FB00A731C87B}.Debug|Any CPU.Build.0 = Debug|Any CPU
		{6B722F22-FD37-4769-A5D3-FB00A731C87B}.Release|Any CPU.ActiveCfg = Release|Any CPU
		{6B722F22-FD37-4769-A5D3-FB00A731C87B}.Release|Any CPU.Build.0 = Release|Any CPU
	EndGlobalSection
	GlobalSection(SolutionProperties) = preSolution
		HideSolutionNode = FALSE
	EndGlobalSection
	GlobalSection(ExtensibilityGlobals) = postSolution
		SolutionGuid = {31D9E75C-8320-432D-B8C0-75238E65E490}
	EndGlobalSection
EndGlobal
